
Microsoft Visual Studio Solution File, Format Version 12.00
# Visual Studio 2012
Project("{8BC9CEB8-8B4A-11D0-8D11-00A0C91BC942}") = "OrBITS", "OrBITS\OrBITS.vcxproj", "{777EE706-3156-4BAA-8C7E-E5B8767892C4}"
EndProject
Global
	GlobalSection(SolutionConfigurationPlatforms) = preSolution
		Debug|Win32 = Debug|Win32
		Release|Win32 = Release|Win32
	EndGlobalSection
	GlobalSection(ProjectConfigurationPlatforms) = postSolution
		{777EE706-3156-4BAA-8C7E-E5B8767892C4}.Debug|Win32.ActiveCfg = Debug|Win32
		{777EE706-3156-4BAA-8C7E-E5B8767892C4}.Debug|Win32.Build.0 = Debug|Win32
		{777EE706-3156-4BAA-8C7E-E5B8767892C4}.Release|Win32.ActiveCfg = Release|Win32
		{777EE706-3156-4BAA-8C7E-E5B8767892C4}.Release|Win32.Build.0 = Release|Win32
	EndGlobalSection
	GlobalSection(SolutionProperties) = preSolution
		HideSolutionNode = FALSE
	EndGlobalSection
EndGlobal
